
Microsoft Visual Studio Solution File, Format Version 12.00
# Visual Studio Version 17
VisualStudioVersion = 17.1.32328.378
MinimumVisualStudioVersion = 10.0.40219.1
Project("{9A19103F-16F7-4668-BE54-9A1E7A4F7556}") = "Week5.Api", "Week5.Api\Week5.Api.csproj", "{CF38DB25-AB6C-4F2D-913E-EDD458A5F562}"
EndProject
Project("{9A19103F-16F7-4668-BE54-9A1E7A4F7556}") = "Week5.Api.Business", "Week5.Api.Business\Week5.Api.Business.csproj", "{8AD36F76-4122-4569-AD48-B33B3107AD5D}"
EndProject
Project("{9A19103F-16F7-4668-BE54-9A1E7A4F7556}") = "Week5.Api.DataAccess", "Week5.Api.DataAccess\Week5.Api.DataAccess.csproj", "{6EDEB2EE-C914-4DF5-B53E-F44871277656}"
EndProject
Project("{9A19103F-16F7-4668-BE54-9A1E7A4F7556}") = "Week5.Api.Entities", "Week5.Api.Entities\Week5.Api.Entities.csproj", "{EB992F02-7CB9-40A9-B25E-B8DD439C28F0}"
EndProject
Global
	GlobalSection(SolutionConfigurationPlatforms) = preSolution
		Debug|Any CPU = Debug|Any CPU
		Release|Any CPU = Release|Any CPU
	EndGlobalSection
	GlobalSection(ProjectConfigurationPlatforms) = postSolution
		{CF38DB25-AB6C-4F2D-913E-EDD458A5F562}.Debug|Any CPU.ActiveCfg = Debug|Any CPU
		{CF38DB25-AB6C-4F2D-913E-EDD458A5F562}.Debug|Any CPU.Build.0 = Debug|Any CPU
		{CF38DB25-AB6C-4F2D-913E-EDD458A5F562}.Release|Any CPU.ActiveCfg = Release|Any CPU
		{CF38DB25-AB6C-4F2D-913E-EDD458A5F562}.Release|Any CPU.Build.0 = Release|Any CPU
		{8AD36F76-4122-4569-AD48-B33B3107AD5D}.Debug|Any CPU.ActiveCfg = Debug|Any CPU
		{8AD36F76-4122-4569-AD48-B33B3107AD5D}.Debug|Any CPU.Build.0 = Debug|Any CPU
		{8AD36F76-4122-4569-AD48-B33B3107AD5D}.Release|Any CPU.ActiveCfg = Release|Any CPU
		{8AD36F76-4122-4569-AD48-B33B3107AD5D}.Release|Any CPU.Build.0 = Release|Any CPU
		{6EDEB2EE-C914-4DF5-B53E-F44871277656}.Debug|Any CPU.ActiveCfg = Debug|Any CPU
		{6EDEB2EE-C914-4DF5-B53E-F44871277656}.Debug|Any CPU.Build.0 = Debug|Any CPU
		{6EDEB2EE-C914-4DF5-B53E-F44871277656}.Release|Any CPU.ActiveCfg = Release|Any CPU
		{6EDEB2EE-C914-4DF5-B53E-F44871277656}.Release|Any CPU.Build.0 = Release|Any CPU
		{EB992F02-7CB9-40A9-B25E-B8DD439C28F0}.Debug|Any CPU.ActiveCfg = Debug|Any CPU
		{EB992F02-7CB9-40A9-B25E-B8DD439C28F0}.Debug|Any CPU.Build.0 = Debug|Any CPU
		{EB992F02-7CB9-40A9-B25E-B8DD439C28F0}.Release|Any CPU.ActiveCfg = Release|Any CPU
		{EB992F02-7CB9-40A9-B25E-B8DD439C28F0}.Release|Any CPU.Build.0 = Release|Any CPU
	EndGlobalSection
	GlobalSection(SolutionProperties) = preSolution
		HideSolutionNode = FALSE
	EndGlobalSection
	GlobalSection(ExtensibilityGlobals) = postSolution
		SolutionGuid = {860236A3-6787-4196-8647-39F98994D583}
	EndGlobalSection
EndGlobal
