
Microsoft Visual Studio Solution File, Format Version 12.00
# Visual Studio Version 17
VisualStudioVersion = 17.0.32112.339
MinimumVisualStudioVersion = 10.0.40219.1
Project("{FAE04EC0-301F-11D3-BF4B-00C04F79EFBC}") = "Homework1.Bridge", "Homework1.Bridge\Homework1.Bridge.csproj", "{BD689798-92D8-43D4-BEBE-DBA198099C78}"
EndProject
Project("{FAE04EC0-301F-11D3-BF4B-00C04F79EFBC}") = "Homework1.Facade", "Homework1.Facade\Homework1.Facade.csproj", "{38870CE0-26BB-4F88-A985-D41BDBAF1F5B}"
EndProject
Project("{FAE04EC0-301F-11D3-BF4B-00C04F79EFBC}") = "Homework1.SOLID", "Homework1.SOLID\Homework1.SOLID.csproj", "{15C52FAC-8FBA-4C99-B47F-48474A9E07D7}"
EndProject
Global
	GlobalSection(SolutionConfigurationPlatforms) = preSolution
		Debug|Any CPU = Debug|Any CPU
		Release|Any CPU = Release|Any CPU
	EndGlobalSection
	GlobalSection(ProjectConfigurationPlatforms) = postSolution
		{BD689798-92D8-43D4-BEBE-DBA198099C78}.Debug|Any CPU.ActiveCfg = Debug|Any CPU
		{BD689798-92D8-43D4-BEBE-DBA198099C78}.Debug|Any CPU.Build.0 = Debug|Any CPU
		{BD689798-92D8-43D4-BEBE-DBA198099C78}.Release|Any CPU.ActiveCfg = Release|Any CPU
		{BD689798-92D8-43D4-BEBE-DBA198099C78}.Release|Any CPU.Build.0 = Release|Any CPU
		{38870CE0-26BB-4F88-A985-D41BDBAF1F5B}.Debug|Any CPU.ActiveCfg = Debug|Any CPU
		{38870CE0-26BB-4F88-A985-D41BDBAF1F5B}.Debug|Any CPU.Build.0 = Debug|Any CPU
		{38870CE0-26BB-4F88-A985-D41BDBAF1F5B}.Release|Any CPU.ActiveCfg = Release|Any CPU
		{38870CE0-26BB-4F88-A985-D41BDBAF1F5B}.Release|Any CPU.Build.0 = Release|Any CPU
		{15C52FAC-8FBA-4C99-B47F-48474A9E07D7}.Debug|Any CPU.ActiveCfg = Debug|Any CPU
		{15C52FAC-8FBA-4C99-B47F-48474A9E07D7}.Debug|Any CPU.Build.0 = Debug|Any CPU
		{15C52FAC-8FBA-4C99-B47F-48474A9E07D7}.Release|Any CPU.ActiveCfg = Release|Any CPU
		{15C52FAC-8FBA-4C99-B47F-48474A9E07D7}.Release|Any CPU.Build.0 = Release|Any CPU
	EndGlobalSection
	GlobalSection(SolutionProperties) = preSolution
		HideSolutionNode = FALSE
	EndGlobalSection
	GlobalSection(ExtensibilityGlobals) = postSolution
		SolutionGuid = {ACA53482-E141-4525-9D19-815641DDC7C9}
	EndGlobalSection
EndGlobal
