
Microsoft Visual Studio Solution File, Format Version 12.00
# Visual Studio Version 17
VisualStudioVersion = 17.1.32328.378
MinimumVisualStudioVersion = 10.0.40219.1
Project("{FAE04EC0-301F-11D3-BF4B-00C04F79EFBC}") = "Homework2.API", "Homework2.API\Homework2.API.csproj", "{67BBB448-296F-40A5-8FA9-18053BC33988}"
EndProject
Global
	GlobalSection(SolutionConfigurationPlatforms) = preSolution
		Debug|Any CPU = Debug|Any CPU
		Release|Any CPU = Release|Any CPU
	EndGlobalSection
	GlobalSection(ProjectConfigurationPlatforms) = postSolution
		{67BBB448-296F-40A5-8FA9-18053BC33988}.Debug|Any CPU.ActiveCfg = Debug|Any CPU
		{67BBB448-296F-40A5-8FA9-18053BC33988}.Debug|Any CPU.Build.0 = Debug|Any CPU
		{67BBB448-296F-40A5-8FA9-18053BC33988}.Release|Any CPU.ActiveCfg = Release|Any CPU
		{67BBB448-296F-40A5-8FA9-18053BC33988}.Release|Any CPU.Build.0 = Release|Any CPU
	EndGlobalSection
	GlobalSection(SolutionProperties) = preSolution
		HideSolutionNode = FALSE
	EndGlobalSection
	GlobalSection(ExtensibilityGlobals) = postSolution
		SolutionGuid = {2454AE3B-74D0-4B40-BA3F-2C9D550BA37C}
	EndGlobalSection
EndGlobal
